// !$*UTF8*$!
{
	archiveVersion = 1;
	classes = {
	};
	objectVersion = 50;
	objects = {

/* Begin PBXBuildFile section */
		FF617F082579082C00536EA2 /* Comment.swift in Sources */ = {isa = PBXBuildFile; fileRef = FF617F072579082C00536EA2 /* Comment.swift */; };
		FFCA1242256F9BE300FE9493 /* TableViewController.swift in Sources */ = {isa = PBXBuildFile; fileRef = FFCA1241256F9BE300FE9493 /* TableViewController.swift */; };
		FFCA1252256FB8FC00FE9493 /* PostViewController.swift in Sources */ = {isa = PBXBuildFile; fileRef = FFCA1251256FB8FC00FE9493 /* PostViewController.swift */; };
		FFCA1261257007F500FE9493 /* User.swift in Sources */ = {isa = PBXBuildFile; fileRef = FFCA1260257007F500FE9493 /* User.swift */; };
		FFDED38A256F992300D0938B /* AppDelegate.swift in Sources */ = {isa = PBXBuildFile; fileRef = FFDED389256F992300D0938B /* AppDelegate.swift */; };
		FFDED38C256F992300D0938B /* SceneDelegate.swift in Sources */ = {isa = PBXBuildFile; fileRef = FFDED38B256F992300D0938B /* SceneDelegate.swift */; };
		FFDED391256F992300D0938B /* Main.storyboard in Resources */ = {isa = PBXBuildFile; fileRef = FFDED38F256F992300D0938B /* Main.storyboard */; };
		FFDED393256F992600D0938B /* Assets.xcassets in Resources */ = {isa = PBXBuildFile; fileRef = FFDED392256F992600D0938B /* Assets.xcassets */; };
		FFDED396256F992600D0938B /* LaunchScreen.storyboard in Resources */ = {isa = PBXBuildFile; fileRef = FFDED394256F992600D0938B /* LaunchScreen.storyboard */; };
		FFFE3BAE2577A5D500682CE9 /* Post.swift in Sources */ = {isa = PBXBuildFile; fileRef = FFFE3BAD2577A5D500682CE9 /* Post.swift */; };
/* End PBXBuildFile section */

/* Begin PBXFileReference section */
		FF617F072579082C00536EA2 /* Comment.swift */ = {isa = PBXFileReference; lastKnownFileType = sourcecode.swift; path = Comment.swift; sourceTree = "<group>"; };
		FFCA1241256F9BE300FE9493 /* TableViewController.swift */ = {isa = PBXFileReference; lastKnownFileType = sourcecode.swift; path = TableViewController.swift; sourceTree = "<group>"; };
		FFCA1251256FB8FC00FE9493 /* PostViewController.swift */ = {isa = PBXFileReference; lastKnownFileType = sourcecode.swift; path = PostViewController.swift; sourceTree = "<group>"; };
		FFCA1260257007F500FE9493 /* User.swift */ = {isa = PBXFileReference; lastKnownFileType = sourcecode.swift; path = User.swift; sourceTree = "<group>"; };
		FFDED386256F992300D0938B /* 01-table.app */ = {isa = PBXFileReference; explicitFileType = wrapper.application; includeInIndex = 0; path = "01-table.app"; sourceTree = BUILT_PRODUCTS_DIR; };
		FFDED389256F992300D0938B /* AppDelegate.swift */ = {isa = PBXFileReference; lastKnownFileType = sourcecode.swift; path = AppDelegate.swift; sourceTree = "<group>"; };
		FFDED38B256F992300D0938B /* SceneDelegate.swift */ = {isa = PBXFileReference; lastKnownFileType = sourcecode.swift; path = SceneDelegate.swift; sourceTree = "<group>"; };
		FFDED390256F992300D0938B /* Base */ = {isa = PBXFileReference; lastKnownFileType = file.storyboard; name = Base; path = Base.lproj/Main.storyboard; sourceTree = "<group>"; };
		FFDED392256F992600D0938B /* Assets.xcassets */ = {isa = PBXFileReference; lastKnownFileType = folder.assetcatalog; path = Assets.xcassets; sourceTree = "<group>"; };
		FFDED395256F992600D0938B /* Base */ = {isa = PBXFileReference; lastKnownFileType = file.storyboard; name = Base; path = Base.lproj/LaunchScreen.storyboard; sourceTree = "<group>"; };
		FFDED397256F992600D0938B /* Info.plist */ = {isa = PBXFileReference; lastKnownFileType = text.plist.xml; path = Info.plist; sourceTree = "<group>"; };
		FFFE3BAD2577A5D500682CE9 /* Post.swift */ = {isa = PBXFileReference; fileEncoding = 4; lastKnownFileType = sourcecode.swift; path = Post.swift; sourceTree = "<group>"; };
/* End PBXFileReference section */

/* Begin PBXFrameworksBuildPhase section */
		FFDED383256F992300D0938B /* Frameworks */ = {
			isa = PBXFrameworksBuildPhase;
			buildActionMask = 2147483647;
			files = (
			);
			runOnlyForDeploymentPostprocessing = 0;
		};
/* End PBXFrameworksBuildPhase section */

/* Begin PBXGroup section */
		FF617F0C25790F4D00536EA2 /* utils.dto */ = {
			isa = PBXGroup;
			children = (
				FFFE3BAD2577A5D500682CE9 /* Post.swift */,
				FF617F072579082C00536EA2 /* Comment.swift */,
				FFCA1260257007F500FE9493 /* User.swift */,
			);
			path = utils.dto;
			sourceTree = "<group>";
		};
		FF617F0D25790F6B00536EA2 /* controllers */ = {
			isa = PBXGroup;
			children = (
				FFCA1251256FB8FC00FE9493 /* PostViewController.swift */,
				FFCA1241256F9BE300FE9493 /* TableViewController.swift */,
			);
			path = controllers;
			sourceTree = "<group>";
		};
		FFDED37D256F992300D0938B = {
			isa = PBXGroup;
			children = (
				FFDED388256F992300D0938B /* 01-table */,
				FFDED387256F992300D0938B /* Products */,
			);
			sourceTree = "<group>";
		};
		FFDED387256F992300D0938B /* Products */ = {
			isa = PBXGroup;
			children = (
				FFDED386256F992300D0938B /* 01-table.app */,
			);
			name = Products;
			sourceTree = "<group>";
		};
		FFDED388256F992300D0938B /* 01-table */ = {
			isa = PBXGroup;
			children = (
				FF617F0D25790F6B00536EA2 /* controllers */,
				FF617F0C25790F4D00536EA2 /* utils.dto */,
				FFDED389256F992300D0938B /* AppDelegate.swift */,
				FFDED38B256F992300D0938B /* SceneDelegate.swift */,
				FFDED38F256F992300D0938B /* Main.storyboard */,
				FFDED392256F992600D0938B /* Assets.xcassets */,
				FFDED394256F992600D0938B /* LaunchScreen.storyboard */,
				FFDED397256F992600D0938B /* Info.plist */,
			);
			path = "01-table";
			sourceTree = "<group>";
		};
/* End PBXGroup section */

/* Begin PBXNativeTarget section */
		FFDED385256F992300D0938B /* 01-table */ = {
			isa = PBXNativeTarget;
			buildConfigurationList = FFDED39A256F992600D0938B /* Build configuration list for PBXNativeTarget "01-table" */;
			buildPhases = (
				FFDED382256F992300D0938B /* Sources */,
				FFDED383256F992300D0938B /* Frameworks */,
				FFDED384256F992300D0938B /* Resources */,
			);
			buildRules = (
			);
			dependencies = (
			);
			name = "01-table";
			packageProductDependencies = (
			);
			productName = "01-table";
			productReference = FFDED386256F992300D0938B /* 01-table.app */;
			productType = "com.apple.product-type.application";
		};
/* End PBXNativeTarget section */

/* Begin PBXProject section */
		FFDED37E256F992300D0938B /* Project object */ = {
			isa = PBXProject;
			attributes = {
				LastSwiftUpdateCheck = 1220;
				LastUpgradeCheck = 1220;
				TargetAttributes = {
					FFDED385256F992300D0938B = {
						CreatedOnToolsVersion = 12.2;
					};
				};
			};
			buildConfigurationList = FFDED381256F992300D0938B /* Build configuration list for PBXProject "01-table" */;
			compatibilityVersion = "Xcode 9.3";
			developmentRegion = en;
			hasScannedForEncodings = 0;
			knownRegions = (
				en,
				Base,
			);
			mainGroup = FFDED37D256F992300D0938B;
			packageReferences = (
			);
			productRefGroup = FFDED387256F992300D0938B /* Products */;
			projectDirPath = "";
			projectRoot = "";
			targets = (
				FFDED385256F992300D0938B /* 01-table */,
			);
		};
/* End PBXProject section */

/* Begin PBXResourcesBuildPhase section */
		FFDED384256F992300D0938B /* Resources */ = {
			isa = PBXResourcesBuildPhase;
			buildActionMask = 2147483647;
			files = (
				FFDED396256F992600D0938B /* LaunchScreen.storyboard in Resources */,
				FFDED393256F992600D0938B /* Assets.xcassets in Resources */,
				FFDED391256F992300D0938B /* Main.storyboard in Resources */,
			);
			runOnlyForDeploymentPostprocessing = 0;
		};
/* End PBXResourcesBuildPhase section */

/* Begin PBXSourcesBuildPhase section */
		FFDED382256F992300D0938B /* Sources */ = {
			isa = PBXSourcesBuildPhase;
			buildActionMask = 2147483647;
			files = (
				FFDED38A256F992300D0938B /* AppDelegate.swift in Sources */,
				FFDED38C256F992300D0938B /* SceneDelegate.swift in Sources */,
				FFCA1261257007F500FE9493 /* User.swift in Sources */,
				FF617F082579082C00536EA2 /* Comment.swift in Sources */,
				FFFE3BAE2577A5D500682CE9 /* Post.swift in Sources */,
				FFCA1242256F9BE300FE9493 /* TableViewController.swift in Sources */,
				FFCA1252256FB8FC00FE9493 /* PostViewController.swift in Sources */,
			);
			runOnlyForDeploymentPostprocessing = 0;
		};
/* End PBXSourcesBuildPhase section */

/* Begin PBXVariantGroup section */
		FFDED38F256F992300D0938B /* Main.storyboard */ = {
			isa = PBXVariantGroup;
			children = (
				FFDED390256F992300D0938B /* Base */,
			);
			name = Main.storyboard;
			sourceTree = "<group>";
		};
		FFDED394256F992600D0938B /* LaunchScreen.storyboard */ = {
			isa = PBXVariantGroup;
			children = (
				FFDED395256F992600D0938B /* Base */,
			);
			name = LaunchScreen.storyboard;
			sourceTree = "<group>";
		};
/* End PBXVariantGroup section */

/* Begin XCBuildConfiguration section */
		FFDED398256F992600D0938B /* Debug */ = {
			isa = XCBuildConfiguration;
			buildSettings = {
				ALWAYS_SEARCH_USER_PATHS = NO;
				CLANG_ANALYZER_NONNULL = YES;
				CLANG_ANALYZER_NUMBER_OBJECT_CONVERSION = YES_AGGRESSIVE;
				CLANG_CXX_LANGUAGE_STANDARD = "gnu++14";
				CLANG_CXX_LIBRARY = "libc++";
				CLANG_ENABLE_MODULES = YES;
				CLANG_ENABLE_OBJC_ARC = YES;
				CLANG_ENABLE_OBJC_WEAK = YES;
				CLANG_WARN_BLOCK_CAPTURE_AUTORELEASING = YES;
				CLANG_WARN_BOOL_CONVERSION = YES;
				CLANG_WARN_COMMA = YES;
				CLANG_WARN_CONSTANT_CONVERSION = YES;
				CLANG_WARN_DEPRECATED_OBJC_IMPLEMENTATIONS = YES;
				CLANG_WARN_DIRECT_OBJC_ISA_USAGE = YES_ERROR;
				CLANG_WARN_DOCUMENTATION_COMMENTS = YES;
				CLANG_WARN_EMPTY_BODY = YES;
				CLANG_WARN_ENUM_CONVERSION = YES;
				CLANG_WARN_INFINITE_RECURSION = YES;
				CLANG_WARN_INT_CONVERSION = YES;
				CLANG_WARN_NON_LITERAL_NULL_CONVERSION = YES;
				CLANG_WARN_OBJC_IMPLICIT_RETAIN_SELF = YES;
				CLANG_WARN_OBJC_LITERAL_CONVERSION = YES;
				CLANG_WARN_OBJC_ROOT_CLASS = YES_ERROR;
				CLANG_WARN_QUOTED_INCLUDE_IN_FRAMEWORK_HEADER = YES;
				CLANG_WARN_RANGE_LOOP_ANALYSIS = YES;
				CLANG_WARN_STRICT_PROTOTYPES = YES;
				CLANG_WARN_SUSPICIOUS_MOVE = YES;
				CLANG_WARN_UNGUARDED_AVAILABILITY = YES_AGGRESSIVE;
				CLANG_WARN_UNREACHABLE_CODE = YES;
				CLANG_WARN__DUPLICATE_METHOD_MATCH = YES;
				COPY_PHASE_STRIP = NO;
				DEBUG_INFORMATION_FORMAT = dwarf;
				ENABLE_STRICT_OBJC_MSGSEND = YES;
				ENABLE_TESTABILITY = YES;
				GCC_C_LANGUAGE_STANDARD = gnu11;
				GCC_DYNAMIC_NO_PIC = NO;
				GCC_NO_COMMON_BLOCKS = YES;
				GCC_OPTIMIZATION_LEVEL = 0;
				GCC_PREPROCESSOR_DEFINITIONS = (
					"DEBUG=1",
					"$(inherited)",
				);
				GCC_WARN_64_TO_32_BIT_CONVERSION = YES;
				GCC_WARN_ABOUT_RETURN_TYPE = YES_ERROR;
				GCC_WARN_UNDECLARED_SELECTOR = YES;
				GCC_WARN_UNINITIALIZED_AUTOS = YES_AGGRESSIVE;
				GCC_WARN_UNUSED_FUNCTION = YES;
				GCC_WARN_UNUSED_VARIABLE = YES;
				IPHONEOS_DEPLOYMENT_TARGET = 14.2;
				MTL_ENABLE_DEBUG_INFO = INCLUDE_SOURCE;
				MTL_FAST_MATH = YES;
				ONLY_ACTIVE_ARCH = YES;
				SDKROOT = iphoneos;
				SWIFT_ACTIVE_COMPILATION_CONDITIONS = DEBUG;
				SWIFT_OPTIMIZATION_LEVEL = "-Onone";
			};
			name = Debug;
		};
		FFDED399256F992600D0938B /* Release */ = {
			isa = XCBuildConfiguration;
			buildSettings = {
				ALWAYS_SEARCH_USER_PATHS = NO;
				CLANG_ANALYZER_NONNULL = YES;
				CLANG_ANALYZER_NUMBER_OBJECT_CONVERSION = YES_AGGRESSIVE;
				CLANG_CXX_LANGUAGE_STANDARD = "gnu++14";
				CLANG_CXX_LIBRARY = "libc++";
				CLANG_ENABLE_MODULES = YES;
				CLANG_ENABLE_OBJC_ARC = YES;
				CLANG_ENABLE_OBJC_WEAK = YES;
				CLANG_WARN_BLOCK_CAPTURE_AUTORELEASING = YES;
				CLANG_WARN_BOOL_CONVERSION = YES;
				CLANG_WARN_COMMA = YES;
				CLANG_WARN_CONSTANT_CONVERSION = YES;
				CLANG_WARN_DEPRECATED_OBJC_IMPLEMENTATIONS = YES;
				CLANG_WARN_DIRECT_OBJC_ISA_USAGE = YES_ERROR;
				CLANG_WARN_DOCUMENTATION_COMMENTS = YES;
				CLANG_WARN_EMPTY_BODY = YES;
				CLANG_WARN_ENUM_CONVERSION = YES;
				CLANG_WARN_INFINITE_RECURSION = YES;
				CLANG_WARN_INT_CONVERSION = YES;
				CLANG_WARN_NON_LITERAL_NULL_CONVERSION = YES;
				CLANG_WARN_OBJC_IMPLICIT_RETAIN_SELF = YES;
				CLANG_WARN_OBJC_LITERAL_CONVERSION = YES;
				CLANG_WARN_OBJC_ROOT_CLASS = YES_ERROR;
				CLANG_WARN_QUOTED_INCLUDE_IN_FRAMEWORK_HEADER = YES;
				CLANG_WARN_RANGE_LOOP_ANALYSIS = YES;
				CLANG_WARN_STRICT_PROTOTYPES = YES;
				CLANG_WARN_SUSPICIOUS_MOVE = YES;
				CLANG_WARN_UNGUARDED_AVAILABILITY = YES_AGGRESSIVE;
				CLANG_WARN_UNREACHABLE_CODE = YES;
				CLANG_WARN__DUPLICATE_METHOD_MATCH = YES;
				COPY_PHASE_STRIP = NO;
				DEBUG_INFORMATION_FORMAT = "dwarf-with-dsym";
				ENABLE_NS_ASSERTIONS = NO;
				ENABLE_STRICT_OBJC_MSGSEND = YES;
				GCC_C_LANGUAGE_STANDARD = gnu11;
				GCC_NO_COMMON_BLOCKS = YES;
				GCC_WARN_64_TO_32_BIT_CONVERSION = YES;
				GCC_WARN_ABOUT_RETURN_TYPE = YES_ERROR;
				GCC_WARN_UNDECLARED_SELECTOR = YES;
				GCC_WARN_UNINITIALIZED_AUTOS = YES_AGGRESSIVE;
				GCC_WARN_UNUSED_FUNCTION = YES;
				GCC_WARN_UNUSED_VARIABLE = YES;
				IPHONEOS_DEPLOYMENT_TARGET = 14.2;
				MTL_ENABLE_DEBUG_INFO = NO;
				MTL_FAST_MATH = YES;
				SDKROOT = iphoneos;
				SWIFT_COMPILATION_MODE = wholemodule;
				SWIFT_OPTIMIZATION_LEVEL = "-O";
				VALIDATE_PRODUCT = YES;
			};
			name = Release;
		};
		FFDED39B256F992600D0938B /* Debug */ = {
			isa = XCBuildConfiguration;
			buildSettings = {
				ASSETCATALOG_COMPILER_APPICON_NAME = AppIcon;
				ASSETCATALOG_COMPILER_GLOBAL_ACCENT_COLOR_NAME = AccentColor;
				CODE_SIGN_STYLE = Automatic;
				INFOPLIST_FILE = "01-table/Info.plist";
				LD_RUNPATH_SEARCH_PATHS = (
					"$(inherited)",
					"@executable_path/Frameworks",
				);
				PRODUCT_BUNDLE_IDENTIFIER = "Gregory.-1-table";
				PRODUCT_NAME = "$(TARGET_NAME)";
				SWIFT_VERSION = 5.0;
				TARGETED_DEVICE_FAMILY = "1,2";
			};
			name = Debug;
		};
		FFDED39C256F992600D0938B /* Release */ = {
			isa = XCBuildConfiguration;
			buildSettings = {
				ASSETCATALOG_COMPILER_APPICON_NAME = AppIcon;
				ASSETCATALOG_COMPILER_GLOBAL_ACCENT_COLOR_NAME = AccentColor;
				CODE_SIGN_STYLE = Automatic;
				INFOPLIST_FILE = "01-table/Info.plist";
				LD_RUNPATH_SEARCH_PATHS = (
					"$(inherited)",
					"@executable_path/Frameworks",
				);
				PRODUCT_BUNDLE_IDENTIFIER = "Gregory.-1-table";
				PRODUCT_NAME = "$(TARGET_NAME)";
				SWIFT_VERSION = 5.0;
				TARGETED_DEVICE_FAMILY = "1,2";
			};
			name = Release;
		};
/* End XCBuildConfiguration section */

/* Begin XCConfigurationList section */
		FFDED381256F992300D0938B /* Build configuration list for PBXProject "01-table" */ = {
			isa = XCConfigurationList;
			buildConfigurations = (
				FFDED398256F992600D0938B /* Debug */,
				FFDED399256F992600D0938B /* Release */,
			);
			defaultConfigurationIsVisible = 0;
			defaultConfigurationName = Release;
		};
		FFDED39A256F992600D0938B /* Build configuration list for PBXNativeTarget "01-table" */ = {
			isa = XCConfigurationList;
			buildConfigurations = (
				FFDED39B256F992600D0938B /* Debug */,
				FFDED39C256F992600D0938B /* Release */,
			);
			defaultConfigurationIsVisible = 0;
			defaultConfigurationName = Release;
		};
/* End XCConfigurationList section */
	};
	rootObject = FFDED37E256F992300D0938B /* Project object */;
}
